
Microsoft Visual Studio Solution File, Format Version 12.00
# Visual Studio 2013
VisualStudioVersion = 12.0.30501.0
MinimumVisualStudioVersion = 10.0.40219.1
Project("{FAE04EC0-301F-11D3-BF4B-00C04F79EFBC}") = "KoolKit.Sync", "KoolKit.Sync\KoolKit.Sync.csproj", "{9CB3838D-6E34-4BC8-8388-415CFDBDA9FD}"
EndProject
Project("{FAE04EC0-301F-11D3-BF4B-00C04F79EFBC}") = "KoolKit.GUI", "KoolKit.GUI\KoolKit.GUI.csproj", "{3FB12CFA-5A93-4ABD-A755-A04FDC1D279C}"
EndProject
Project("{FAE04EC0-301F-11D3-BF4B-00C04F79EFBC}") = "KoolKit.DataAccess", "KoolKit.DataAccess\KoolKit.DataAccess.csproj", "{EB768639-D0A2-4C7A-ABDB-C0D5DD9EA0D6}"
EndProject
Project("{FAE04EC0-301F-11D3-BF4B-00C04F79EFBC}") = "KoolKit.Core", "KoolKit.Core\KoolKit.Core.csproj", "{03E08937-1FEC-4E65-AE96-1AB502E16C3B}"
EndProject
Global
	GlobalSection(SolutionConfigurationPlatforms) = preSolution
		Debug|Any CPU = Debug|Any CPU
		Release|Any CPU = Release|Any CPU
	EndGlobalSection
	GlobalSection(ProjectConfigurationPlatforms) = postSolution
		{9CB3838D-6E34-4BC8-8388-415CFDBDA9FD}.Debug|Any CPU.ActiveCfg = Debug|Any CPU
		{9CB3838D-6E34-4BC8-8388-415CFDBDA9FD}.Debug|Any CPU.Build.0 = Debug|Any CPU
		{9CB3838D-6E34-4BC8-8388-415CFDBDA9FD}.Release|Any CPU.ActiveCfg = Release|Any CPU
		{9CB3838D-6E34-4BC8-8388-415CFDBDA9FD}.Release|Any CPU.Build.0 = Release|Any CPU
		{3FB12CFA-5A93-4ABD-A755-A04FDC1D279C}.Debug|Any CPU.ActiveCfg = Debug|Any CPU
		{3FB12CFA-5A93-4ABD-A755-A04FDC1D279C}.Debug|Any CPU.Build.0 = Debug|Any CPU
		{3FB12CFA-5A93-4ABD-A755-A04FDC1D279C}.Release|Any CPU.ActiveCfg = Release|Any CPU
		{3FB12CFA-5A93-4ABD-A755-A04FDC1D279C}.Release|Any CPU.Build.0 = Release|Any CPU
		{EB768639-D0A2-4C7A-ABDB-C0D5DD9EA0D6}.Debug|Any CPU.ActiveCfg = Debug|Any CPU
		{EB768639-D0A2-4C7A-ABDB-C0D5DD9EA0D6}.Debug|Any CPU.Build.0 = Debug|Any CPU
		{EB768639-D0A2-4C7A-ABDB-C0D5DD9EA0D6}.Release|Any CPU.ActiveCfg = Release|Any CPU
		{EB768639-D0A2-4C7A-ABDB-C0D5DD9EA0D6}.Release|Any CPU.Build.0 = Release|Any CPU
		{03E08937-1FEC-4E65-AE96-1AB502E16C3B}.Debug|Any CPU.ActiveCfg = Debug|Any CPU
		{03E08937-1FEC-4E65-AE96-1AB502E16C3B}.Debug|Any CPU.Build.0 = Debug|Any CPU
		{03E08937-1FEC-4E65-AE96-1AB502E16C3B}.Release|Any CPU.ActiveCfg = Release|Any CPU
		{03E08937-1FEC-4E65-AE96-1AB502E16C3B}.Release|Any CPU.Build.0 = Release|Any CPU
	EndGlobalSection
	GlobalSection(SolutionProperties) = preSolution
		HideSolutionNode = FALSE
	EndGlobalSection
EndGlobal
